// !$*UTF8*$!
{
	archiveVersion = 1;
	classes = {
	};
	objectVersion = 56;
	objects = {

/* Begin PBXBuildFile section */
		F5F0964448D12DD0E50241B9 /* Pods_BananaChat.framework in Frameworks */ = {isa = PBXBuildFile; fileRef = 60E6E4CA10204C5719A48415 /* Pods_BananaChat.framework */; };
		FF3CF61E2A4D836A005489F0 /* AppDelegate.swift in Sources */ = {isa = PBXBuildFile; fileRef = FF3CF61D2A4D836A005489F0 /* AppDelegate.swift */; };
		FF3CF6202A4D836A005489F0 /* SceneDelegate.swift in Sources */ = {isa = PBXBuildFile; fileRef = FF3CF61F2A4D836A005489F0 /* SceneDelegate.swift */; };
		FF3CF6272A4D836B005489F0 /* Assets.xcassets in Resources */ = {isa = PBXBuildFile; fileRef = FF3CF6262A4D836B005489F0 /* Assets.xcassets */; };
		FF3CF62A2A4D836B005489F0 /* LaunchScreen.storyboard in Resources */ = {isa = PBXBuildFile; fileRef = FF3CF6282A4D836B005489F0 /* LaunchScreen.storyboard */; };
		FF3CF6322A4D85FD005489F0 /* Message.swift in Sources */ = {isa = PBXBuildFile; fileRef = FF3CF6312A4D85FD005489F0 /* Message.swift */; };
		FF3CF6342A4D861F005489F0 /* MessageService.swift in Sources */ = {isa = PBXBuildFile; fileRef = FF3CF6332A4D861F005489F0 /* MessageService.swift */; };
		FF3CF6362A4D86C4005489F0 /* ChatViewModel.swift in Sources */ = {isa = PBXBuildFile; fileRef = FF3CF6352A4D86C4005489F0 /* ChatViewModel.swift */; };
		FF3CF6382A4D8759005489F0 /* ChatViewControler.swift in Sources */ = {isa = PBXBuildFile; fileRef = FF3CF6372A4D8759005489F0 /* ChatViewControler.swift */; };
		FF3CF63A2A4F2530005489F0 /* ChatBubbleCell.swift in Sources */ = {isa = PBXBuildFile; fileRef = FF3CF6392A4F2530005489F0 /* ChatBubbleCell.swift */; };
		FF3CF63E2A52C324005489F0 /* RecievedMessageBubbleCell.swift in Sources */ = {isa = PBXBuildFile; fileRef = FF3CF63D2A52C324005489F0 /* RecievedMessageBubbleCell.swift */; };
		FF78CD272A52DFB7006BDE26 /* AppCoordinator.swift in Sources */ = {isa = PBXBuildFile; fileRef = FF78CD262A52DFB7006BDE26 /* AppCoordinator.swift */; };
		FF78CD2B2A52E413006BDE26 /* ChatsCoordinator.swift in Sources */ = {isa = PBXBuildFile; fileRef = FF78CD2A2A52E413006BDE26 /* ChatsCoordinator.swift */; };
		FF78CD2F2A52E46E006BDE26 /* ChatsViewModel.swift in Sources */ = {isa = PBXBuildFile; fileRef = FF78CD2E2A52E46E006BDE26 /* ChatsViewModel.swift */; };
		FF78CD312A52E47A006BDE26 /* ChatsViewController.swift in Sources */ = {isa = PBXBuildFile; fileRef = FF78CD302A52E47A006BDE26 /* ChatsViewController.swift */; };
		FF78CD332A52E48B006BDE26 /* Coordinator.swift in Sources */ = {isa = PBXBuildFile; fileRef = FF78CD322A52E48B006BDE26 /* Coordinator.swift */; };
		FF78CD362A5308AE006BDE26 /* ChatCell.swift in Sources */ = {isa = PBXBuildFile; fileRef = FF78CD352A5308AE006BDE26 /* ChatCell.swift */; };
		FF78CD382A541CEC006BDE26 /* Chat.swift in Sources */ = {isa = PBXBuildFile; fileRef = FF78CD372A541CEC006BDE26 /* Chat.swift */; };
		FF78CD3A2A542044006BDE26 /* ChatService.swift in Sources */ = {isa = PBXBuildFile; fileRef = FF78CD392A542044006BDE26 /* ChatService.swift */; };
/* End PBXBuildFile section */

/* Begin PBXFileReference section */
		4A5918A7B4FF4498671454C8 /* Pods-BananaChat.release.xcconfig */ = {isa = PBXFileReference; includeInIndex = 1; lastKnownFileType = text.xcconfig; name = "Pods-BananaChat.release.xcconfig"; path = "Target Support Files/Pods-BananaChat/Pods-BananaChat.release.xcconfig"; sourceTree = "<group>"; };
		60E6E4CA10204C5719A48415 /* Pods_BananaChat.framework */ = {isa = PBXFileReference; explicitFileType = wrapper.framework; includeInIndex = 0; path = Pods_BananaChat.framework; sourceTree = BUILT_PRODUCTS_DIR; };
		A7BCD3E6A51DA36F3160B3C7 /* Pods-BananaChat.debug.xcconfig */ = {isa = PBXFileReference; includeInIndex = 1; lastKnownFileType = text.xcconfig; name = "Pods-BananaChat.debug.xcconfig"; path = "Target Support Files/Pods-BananaChat/Pods-BananaChat.debug.xcconfig"; sourceTree = "<group>"; };
		FF3CF61A2A4D836A005489F0 /* BananaChat.app */ = {isa = PBXFileReference; explicitFileType = wrapper.application; includeInIndex = 0; path = BananaChat.app; sourceTree = BUILT_PRODUCTS_DIR; };
		FF3CF61D2A4D836A005489F0 /* AppDelegate.swift */ = {isa = PBXFileReference; lastKnownFileType = sourcecode.swift; path = AppDelegate.swift; sourceTree = "<group>"; };
		FF3CF61F2A4D836A005489F0 /* SceneDelegate.swift */ = {isa = PBXFileReference; lastKnownFileType = sourcecode.swift; path = SceneDelegate.swift; sourceTree = "<group>"; };
		FF3CF6262A4D836B005489F0 /* Assets.xcassets */ = {isa = PBXFileReference; lastKnownFileType = folder.assetcatalog; path = Assets.xcassets; sourceTree = "<group>"; };
		FF3CF6292A4D836B005489F0 /* Base */ = {isa = PBXFileReference; lastKnownFileType = file.storyboard; name = Base; path = Base.lproj/LaunchScreen.storyboard; sourceTree = "<group>"; };
		FF3CF62B2A4D836B005489F0 /* Info.plist */ = {isa = PBXFileReference; lastKnownFileType = text.plist.xml; path = Info.plist; sourceTree = "<group>"; };
		FF3CF6312A4D85FD005489F0 /* Message.swift */ = {isa = PBXFileReference; lastKnownFileType = sourcecode.swift; path = Message.swift; sourceTree = "<group>"; };
		FF3CF6332A4D861F005489F0 /* MessageService.swift */ = {isa = PBXFileReference; lastKnownFileType = sourcecode.swift; path = MessageService.swift; sourceTree = "<group>"; };
		FF3CF6352A4D86C4005489F0 /* ChatViewModel.swift */ = {isa = PBXFileReference; lastKnownFileType = sourcecode.swift; path = ChatViewModel.swift; sourceTree = "<group>"; };
		FF3CF6372A4D8759005489F0 /* ChatViewControler.swift */ = {isa = PBXFileReference; lastKnownFileType = sourcecode.swift; path = ChatViewControler.swift; sourceTree = "<group>"; };
		FF3CF6392A4F2530005489F0 /* ChatBubbleCell.swift */ = {isa = PBXFileReference; lastKnownFileType = sourcecode.swift; path = ChatBubbleCell.swift; sourceTree = "<group>"; };
		FF3CF63D2A52C324005489F0 /* RecievedMessageBubbleCell.swift */ = {isa = PBXFileReference; lastKnownFileType = sourcecode.swift; path = RecievedMessageBubbleCell.swift; sourceTree = "<group>"; };
		FF78CD262A52DFB7006BDE26 /* AppCoordinator.swift */ = {isa = PBXFileReference; lastKnownFileType = sourcecode.swift; path = AppCoordinator.swift; sourceTree = "<group>"; };
		FF78CD2A2A52E413006BDE26 /* ChatsCoordinator.swift */ = {isa = PBXFileReference; lastKnownFileType = sourcecode.swift; path = ChatsCoordinator.swift; sourceTree = "<group>"; };
		FF78CD2E2A52E46E006BDE26 /* ChatsViewModel.swift */ = {isa = PBXFileReference; lastKnownFileType = sourcecode.swift; path = ChatsViewModel.swift; sourceTree = "<group>"; };
		FF78CD302A52E47A006BDE26 /* ChatsViewController.swift */ = {isa = PBXFileReference; lastKnownFileType = sourcecode.swift; path = ChatsViewController.swift; sourceTree = "<group>"; };
		FF78CD322A52E48B006BDE26 /* Coordinator.swift */ = {isa = PBXFileReference; lastKnownFileType = sourcecode.swift; path = Coordinator.swift; sourceTree = "<group>"; };
		FF78CD352A5308AE006BDE26 /* ChatCell.swift */ = {isa = PBXFileReference; lastKnownFileType = sourcecode.swift; path = ChatCell.swift; sourceTree = "<group>"; };
		FF78CD372A541CEC006BDE26 /* Chat.swift */ = {isa = PBXFileReference; lastKnownFileType = sourcecode.swift; path = Chat.swift; sourceTree = "<group>"; };
		FF78CD392A542044006BDE26 /* ChatService.swift */ = {isa = PBXFileReference; lastKnownFileType = sourcecode.swift; path = ChatService.swift; sourceTree = "<group>"; };
/* End PBXFileReference section */

/* Begin PBXFrameworksBuildPhase section */
		FF3CF6172A4D836A005489F0 /* Frameworks */ = {
			isa = PBXFrameworksBuildPhase;
			buildActionMask = 2147483647;
			files = (
				F5F0964448D12DD0E50241B9 /* Pods_BananaChat.framework in Frameworks */,
			);
			runOnlyForDeploymentPostprocessing = 0;
		};
/* End PBXFrameworksBuildPhase section */

/* Begin PBXGroup section */
		1929045325B346056B062203 /* Frameworks */ = {
			isa = PBXGroup;
			children = (
				60E6E4CA10204C5719A48415 /* Pods_BananaChat.framework */,
			);
			name = Frameworks;
			sourceTree = "<group>";
		};
		88508F0C8C99DB0F9DB7DC5E /* Pods */ = {
			isa = PBXGroup;
			children = (
				A7BCD3E6A51DA36F3160B3C7 /* Pods-BananaChat.debug.xcconfig */,
				4A5918A7B4FF4498671454C8 /* Pods-BananaChat.release.xcconfig */,
			);
			path = Pods;
			sourceTree = "<group>";
		};
		FF3CF6112A4D836A005489F0 = {
			isa = PBXGroup;
			children = (
				FF3CF61C2A4D836A005489F0 /* BananaChat */,
				FF3CF61B2A4D836A005489F0 /* Products */,
				88508F0C8C99DB0F9DB7DC5E /* Pods */,
				1929045325B346056B062203 /* Frameworks */,
			);
			sourceTree = "<group>";
		};
		FF3CF61B2A4D836A005489F0 /* Products */ = {
			isa = PBXGroup;
			children = (
				FF3CF61A2A4D836A005489F0 /* BananaChat.app */,
			);
			name = Products;
			sourceTree = "<group>";
		};
		FF3CF61C2A4D836A005489F0 /* BananaChat */ = {
			isa = PBXGroup;
			children = (
				FF78CD2D2A52E452006BDE26 /* Coordinators */,
				FF78CD232A52D358006BDE26 /* Models */,
				FF78CD202A52D339006BDE26 /* Modules */,
				FF78CD222A52D34B006BDE26 /* Services */,
				FF78CD242A52D3F6006BDE26 /* Storyboards */,
				FF3CF61D2A4D836A005489F0 /* AppDelegate.swift */,
				FF3CF61F2A4D836A005489F0 /* SceneDelegate.swift */,
				FF3CF6262A4D836B005489F0 /* Assets.xcassets */,
				FF3CF62B2A4D836B005489F0 /* Info.plist */,
			);
			path = BananaChat;
			sourceTree = "<group>";
		};
		FF78CD202A52D339006BDE26 /* Modules */ = {
			isa = PBXGroup;
			children = (
				FF78CD2C2A52E419006BDE26 /* Chats */,
			);
			path = Modules;
			sourceTree = "<group>";
		};
		FF78CD212A52D33F006BDE26 /* Chat */ = {
			isa = PBXGroup;
			children = (
				FF78CD252A52D437006BDE26 /* Cells */,
				FF3CF6372A4D8759005489F0 /* ChatViewControler.swift */,
				FF3CF6352A4D86C4005489F0 /* ChatViewModel.swift */,
			);
			path = Chat;
			sourceTree = "<group>";
		};
		FF78CD222A52D34B006BDE26 /* Services */ = {
			isa = PBXGroup;
			children = (
				FF3CF6332A4D861F005489F0 /* MessageService.swift */,
				FF78CD392A542044006BDE26 /* ChatService.swift */,
			);
			path = Services;
			sourceTree = "<group>";
		};
		FF78CD232A52D358006BDE26 /* Models */ = {
			isa = PBXGroup;
			children = (
				FF3CF6312A4D85FD005489F0 /* Message.swift */,
				FF78CD372A541CEC006BDE26 /* Chat.swift */,
			);
			path = Models;
			sourceTree = "<group>";
		};
		FF78CD242A52D3F6006BDE26 /* Storyboards */ = {
			isa = PBXGroup;
			children = (
				FF3CF6282A4D836B005489F0 /* LaunchScreen.storyboard */,
			);
			path = Storyboards;
			sourceTree = "<group>";
		};
		FF78CD252A52D437006BDE26 /* Cells */ = {
			isa = PBXGroup;
			children = (
				FF3CF6392A4F2530005489F0 /* ChatBubbleCell.swift */,
				FF3CF63D2A52C324005489F0 /* RecievedMessageBubbleCell.swift */,
			);
			path = Cells;
			sourceTree = "<group>";
		};
		FF78CD2C2A52E419006BDE26 /* Chats */ = {
			isa = PBXGroup;
			children = (
				FF78CD342A53089F006BDE26 /* Cells */,
				FF78CD212A52D33F006BDE26 /* Chat */,
				FF78CD2A2A52E413006BDE26 /* ChatsCoordinator.swift */,
				FF78CD2E2A52E46E006BDE26 /* ChatsViewModel.swift */,
				FF78CD302A52E47A006BDE26 /* ChatsViewController.swift */,
			);
			path = Chats;
			sourceTree = "<group>";
		};
		FF78CD2D2A52E452006BDE26 /* Coordinators */ = {
			isa = PBXGroup;
			children = (
				FF78CD322A52E48B006BDE26 /* Coordinator.swift */,
				FF78CD262A52DFB7006BDE26 /* AppCoordinator.swift */,
			);
			path = Coordinators;
			sourceTree = "<group>";
		};
		FF78CD342A53089F006BDE26 /* Cells */ = {
			isa = PBXGroup;
			children = (
				FF78CD352A5308AE006BDE26 /* ChatCell.swift */,
			);
			path = Cells;
			sourceTree = "<group>";
		};
/* End PBXGroup section */

/* Begin PBXNativeTarget section */
		FF3CF6192A4D836A005489F0 /* BananaChat */ = {
			isa = PBXNativeTarget;
			buildConfigurationList = FF3CF62E2A4D836B005489F0 /* Build configuration list for PBXNativeTarget "BananaChat" */;
			buildPhases = (
				9DCFA983DFABBF7683D69AC6 /* [CP] Check Pods Manifest.lock */,
				FF3CF6162A4D836A005489F0 /* Sources */,
				FF3CF6172A4D836A005489F0 /* Frameworks */,
				FF3CF6182A4D836A005489F0 /* Resources */,
				FF78CD1F2A52CDD6006BDE26 /* ShellScript */,
			);
			buildRules = (
			);
			dependencies = (
			);
			name = BananaChat;
			productName = BananaChat;
			productReference = FF3CF61A2A4D836A005489F0 /* BananaChat.app */;
			productType = "com.apple.product-type.application";
		};
/* End PBXNativeTarget section */

/* Begin PBXProject section */
		FF3CF6122A4D836A005489F0 /* Project object */ = {
			isa = PBXProject;
			attributes = {
				BuildIndependentTargetsInParallel = 1;
				LastSwiftUpdateCheck = 1430;
				LastUpgradeCheck = 1430;
				TargetAttributes = {
					FF3CF6192A4D836A005489F0 = {
						CreatedOnToolsVersion = 14.3.1;
					};
				};
			};
			buildConfigurationList = FF3CF6152A4D836A005489F0 /* Build configuration list for PBXProject "BananaChat" */;
			compatibilityVersion = "Xcode 14.0";
			developmentRegion = en;
			hasScannedForEncodings = 0;
			knownRegions = (
				en,
				Base,
			);
			mainGroup = FF3CF6112A4D836A005489F0;
			productRefGroup = FF3CF61B2A4D836A005489F0 /* Products */;
			projectDirPath = "";
			projectRoot = "";
			targets = (
				FF3CF6192A4D836A005489F0 /* BananaChat */,
			);
		};
/* End PBXProject section */

/* Begin PBXResourcesBuildPhase section */
		FF3CF6182A4D836A005489F0 /* Resources */ = {
			isa = PBXResourcesBuildPhase;
			buildActionMask = 2147483647;
			files = (
				FF3CF62A2A4D836B005489F0 /* LaunchScreen.storyboard in Resources */,
				FF3CF6272A4D836B005489F0 /* Assets.xcassets in Resources */,
			);
			runOnlyForDeploymentPostprocessing = 0;
		};
/* End PBXResourcesBuildPhase section */

/* Begin PBXShellScriptBuildPhase section */
		9DCFA983DFABBF7683D69AC6 /* [CP] Check Pods Manifest.lock */ = {
			isa = PBXShellScriptBuildPhase;
			buildActionMask = 2147483647;
			files = (
			);
			inputFileListPaths = (
			);
			inputPaths = (
				"${PODS_PODFILE_DIR_PATH}/Podfile.lock",
				"${PODS_ROOT}/Manifest.lock",
			);
			name = "[CP] Check Pods Manifest.lock";
			outputFileListPaths = (
			);
			outputPaths = (
				"$(DERIVED_FILE_DIR)/Pods-BananaChat-checkManifestLockResult.txt",
			);
			runOnlyForDeploymentPostprocessing = 0;
			shellPath = /bin/sh;
			shellScript = "diff \"${PODS_PODFILE_DIR_PATH}/Podfile.lock\" \"${PODS_ROOT}/Manifest.lock\" > /dev/null\nif [ $? != 0 ] ; then\n    # print error to STDERR\n    echo \"error: The sandbox is not in sync with the Podfile.lock. Run 'pod install' or update your CocoaPods installation.\" >&2\n    exit 1\nfi\n# This output is used by Xcode 'outputs' to avoid re-running this script phase.\necho \"SUCCESS\" > \"${SCRIPT_OUTPUT_FILE_0}\"\n";
			showEnvVarsInLog = 0;
		};
		FF78CD1F2A52CDD6006BDE26 /* ShellScript */ = {
			isa = PBXShellScriptBuildPhase;
			alwaysOutOfDate = 1;
			buildActionMask = 12;
			files = (
			);
			inputFileListPaths = (
			);
			inputPaths = (
			);
			outputFileListPaths = (
			);
			outputPaths = (
			);
			runOnlyForDeploymentPostprocessing = 0;
			shellPath = /bin/sh;
			shellScript = "if which swiftlint >/dev/null; then\n  swiftlint\nelse\n  echo \"warning: SwiftLint not installed, download from https://github.com/realm/SwiftLint\"\nfi\n";
		};
/* End PBXShellScriptBuildPhase section */

/* Begin PBXSourcesBuildPhase section */
		FF3CF6162A4D836A005489F0 /* Sources */ = {
			isa = PBXSourcesBuildPhase;
			buildActionMask = 2147483647;
			files = (
				FF78CD2B2A52E413006BDE26 /* ChatsCoordinator.swift in Sources */,
				FF3CF63A2A4F2530005489F0 /* ChatBubbleCell.swift in Sources */,
				FF3CF6342A4D861F005489F0 /* MessageService.swift in Sources */,
				FF3CF63E2A52C324005489F0 /* RecievedMessageBubbleCell.swift in Sources */,
				FF78CD312A52E47A006BDE26 /* ChatsViewController.swift in Sources */,
				FF3CF6322A4D85FD005489F0 /* Message.swift in Sources */,
				FF78CD332A52E48B006BDE26 /* Coordinator.swift in Sources */,
				FF3CF61E2A4D836A005489F0 /* AppDelegate.swift in Sources */,
				FF78CD362A5308AE006BDE26 /* ChatCell.swift in Sources */,
				FF78CD2F2A52E46E006BDE26 /* ChatsViewModel.swift in Sources */,
				FF3CF6382A4D8759005489F0 /* ChatViewControler.swift in Sources */,
				FF3CF6362A4D86C4005489F0 /* ChatViewModel.swift in Sources */,
				FF3CF6202A4D836A005489F0 /* SceneDelegate.swift in Sources */,
				FF78CD3A2A542044006BDE26 /* ChatService.swift in Sources */,
				FF78CD382A541CEC006BDE26 /* Chat.swift in Sources */,
				FF78CD272A52DFB7006BDE26 /* AppCoordinator.swift in Sources */,
			);
			runOnlyForDeploymentPostprocessing = 0;
		};
/* End PBXSourcesBuildPhase section */

/* Begin PBXVariantGroup section */
		FF3CF6282A4D836B005489F0 /* LaunchScreen.storyboard */ = {
			isa = PBXVariantGroup;
			children = (
				FF3CF6292A4D836B005489F0 /* Base */,
			);
			name = LaunchScreen.storyboard;
			sourceTree = "<group>";
		};
/* End PBXVariantGroup section */

/* Begin XCBuildConfiguration section */
		FF3CF62C2A4D836B005489F0 /* Debug */ = {
			isa = XCBuildConfiguration;
			buildSettings = {
				ALWAYS_SEARCH_USER_PATHS = NO;
				CLANG_ANALYZER_NONNULL = YES;
				CLANG_ANALYZER_NUMBER_OBJECT_CONVERSION = YES_AGGRESSIVE;
				CLANG_CXX_LANGUAGE_STANDARD = "gnu++20";
				CLANG_ENABLE_MODULES = YES;
				CLANG_ENABLE_OBJC_ARC = YES;
				CLANG_ENABLE_OBJC_WEAK = YES;
				CLANG_WARN_BLOCK_CAPTURE_AUTORELEASING = YES;
				CLANG_WARN_BOOL_CONVERSION = YES;
				CLANG_WARN_COMMA = YES;
				CLANG_WARN_CONSTANT_CONVERSION = YES;
				CLANG_WARN_DEPRECATED_OBJC_IMPLEMENTATIONS = YES;
				CLANG_WARN_DIRECT_OBJC_ISA_USAGE = YES_ERROR;
				CLANG_WARN_DOCUMENTATION_COMMENTS = YES;
				CLANG_WARN_EMPTY_BODY = YES;
				CLANG_WARN_ENUM_CONVERSION = YES;
				CLANG_WARN_INFINITE_RECURSION = YES;
				CLANG_WARN_INT_CONVERSION = YES;
				CLANG_WARN_NON_LITERAL_NULL_CONVERSION = YES;
				CLANG_WARN_OBJC_IMPLICIT_RETAIN_SELF = YES;
				CLANG_WARN_OBJC_LITERAL_CONVERSION = YES;
				CLANG_WARN_OBJC_ROOT_CLASS = YES_ERROR;
				CLANG_WARN_QUOTED_INCLUDE_IN_FRAMEWORK_HEADER = YES;
				CLANG_WARN_RANGE_LOOP_ANALYSIS = YES;
				CLANG_WARN_STRICT_PROTOTYPES = YES;
				CLANG_WARN_SUSPICIOUS_MOVE = YES;
				CLANG_WARN_UNGUARDED_AVAILABILITY = YES_AGGRESSIVE;
				CLANG_WARN_UNREACHABLE_CODE = YES;
				CLANG_WARN__DUPLICATE_METHOD_MATCH = YES;
				COPY_PHASE_STRIP = NO;
				DEBUG_INFORMATION_FORMAT = dwarf;
				ENABLE_STRICT_OBJC_MSGSEND = YES;
				ENABLE_TESTABILITY = YES;
				GCC_C_LANGUAGE_STANDARD = gnu11;
				GCC_DYNAMIC_NO_PIC = NO;
				GCC_NO_COMMON_BLOCKS = YES;
				GCC_OPTIMIZATION_LEVEL = 0;
				GCC_PREPROCESSOR_DEFINITIONS = (
					"DEBUG=1",
					"$(inherited)",
				);
				GCC_WARN_64_TO_32_BIT_CONVERSION = YES;
				GCC_WARN_ABOUT_RETURN_TYPE = YES_ERROR;
				GCC_WARN_UNDECLARED_SELECTOR = YES;
				GCC_WARN_UNINITIALIZED_AUTOS = YES_AGGRESSIVE;
				GCC_WARN_UNUSED_FUNCTION = YES;
				GCC_WARN_UNUSED_VARIABLE = YES;
				IPHONEOS_DEPLOYMENT_TARGET = 16.4;
				MTL_ENABLE_DEBUG_INFO = INCLUDE_SOURCE;
				MTL_FAST_MATH = YES;
				ONLY_ACTIVE_ARCH = YES;
				SDKROOT = iphoneos;
				SWIFT_ACTIVE_COMPILATION_CONDITIONS = DEBUG;
				SWIFT_OPTIMIZATION_LEVEL = "-Onone";
			};
			name = Debug;
		};
		FF3CF62D2A4D836B005489F0 /* Release */ = {
			isa = XCBuildConfiguration;
			buildSettings = {
				ALWAYS_SEARCH_USER_PATHS = NO;
				CLANG_ANALYZER_NONNULL = YES;
				CLANG_ANALYZER_NUMBER_OBJECT_CONVERSION = YES_AGGRESSIVE;
				CLANG_CXX_LANGUAGE_STANDARD = "gnu++20";
				CLANG_ENABLE_MODULES = YES;
				CLANG_ENABLE_OBJC_ARC = YES;
				CLANG_ENABLE_OBJC_WEAK = YES;
				CLANG_WARN_BLOCK_CAPTURE_AUTORELEASING = YES;
				CLANG_WARN_BOOL_CONVERSION = YES;
				CLANG_WARN_COMMA = YES;
				CLANG_WARN_CONSTANT_CONVERSION = YES;
				CLANG_WARN_DEPRECATED_OBJC_IMPLEMENTATIONS = YES;
				CLANG_WARN_DIRECT_OBJC_ISA_USAGE = YES_ERROR;
				CLANG_WARN_DOCUMENTATION_COMMENTS = YES;
				CLANG_WARN_EMPTY_BODY = YES;
				CLANG_WARN_ENUM_CONVERSION = YES;
				CLANG_WARN_INFINITE_RECURSION = YES;
				CLANG_WARN_INT_CONVERSION = YES;
				CLANG_WARN_NON_LITERAL_NULL_CONVERSION = YES;
				CLANG_WARN_OBJC_IMPLICIT_RETAIN_SELF = YES;
				CLANG_WARN_OBJC_LITERAL_CONVERSION = YES;
				CLANG_WARN_OBJC_ROOT_CLASS = YES_ERROR;
				CLANG_WARN_QUOTED_INCLUDE_IN_FRAMEWORK_HEADER = YES;
				CLANG_WARN_RANGE_LOOP_ANALYSIS = YES;
				CLANG_WARN_STRICT_PROTOTYPES = YES;
				CLANG_WARN_SUSPICIOUS_MOVE = YES;
				CLANG_WARN_UNGUARDED_AVAILABILITY = YES_AGGRESSIVE;
				CLANG_WARN_UNREACHABLE_CODE = YES;
				CLANG_WARN__DUPLICATE_METHOD_MATCH = YES;
				COPY_PHASE_STRIP = NO;
				DEBUG_INFORMATION_FORMAT = "dwarf-with-dsym";
				ENABLE_NS_ASSERTIONS = NO;
				ENABLE_STRICT_OBJC_MSGSEND = YES;
				GCC_C_LANGUAGE_STANDARD = gnu11;
				GCC_NO_COMMON_BLOCKS = YES;
				GCC_WARN_64_TO_32_BIT_CONVERSION = YES;
				GCC_WARN_ABOUT_RETURN_TYPE = YES_ERROR;
				GCC_WARN_UNDECLARED_SELECTOR = YES;
				GCC_WARN_UNINITIALIZED_AUTOS = YES_AGGRESSIVE;
				GCC_WARN_UNUSED_FUNCTION = YES;
				GCC_WARN_UNUSED_VARIABLE = YES;
				IPHONEOS_DEPLOYMENT_TARGET = 16.4;
				MTL_ENABLE_DEBUG_INFO = NO;
				MTL_FAST_MATH = YES;
				SDKROOT = iphoneos;
				SWIFT_COMPILATION_MODE = wholemodule;
				SWIFT_OPTIMIZATION_LEVEL = "-O";
				VALIDATE_PRODUCT = YES;
			};
			name = Release;
		};
		FF3CF62F2A4D836B005489F0 /* Debug */ = {
			isa = XCBuildConfiguration;
			baseConfigurationReference = A7BCD3E6A51DA36F3160B3C7 /* Pods-BananaChat.debug.xcconfig */;
			buildSettings = {
				ASSETCATALOG_COMPILER_APPICON_NAME = AppIcon;
				ASSETCATALOG_COMPILER_GLOBAL_ACCENT_COLOR_NAME = AccentColor;
				CODE_SIGN_STYLE = Automatic;
				CURRENT_PROJECT_VERSION = 1;
				DEVELOPMENT_TEAM = KTNM35TF3W;
				GENERATE_INFOPLIST_FILE = YES;
				INFOPLIST_FILE = BananaChat/Info.plist;
				INFOPLIST_KEY_UIApplicationSupportsIndirectInputEvents = YES;
				INFOPLIST_KEY_UILaunchStoryboardName = LaunchScreen;
				INFOPLIST_KEY_UISupportedInterfaceOrientations = UIInterfaceOrientationPortrait;
				IPHONEOS_DEPLOYMENT_TARGET = 14.0;
				LD_RUNPATH_SEARCH_PATHS = (
					"$(inherited)",
					"@executable_path/Frameworks",
				);
				MARKETING_VERSION = 1.0;
				PRODUCT_BUNDLE_IDENTIFIER = com.github.notsoundbanana.BananaChat;
				PRODUCT_NAME = "$(TARGET_NAME)";
				SUPPORTED_PLATFORMS = "iphoneos iphonesimulator";
				SUPPORTS_MACCATALYST = NO;
				SUPPORTS_MAC_DESIGNED_FOR_IPHONE_IPAD = NO;
				SWIFT_EMIT_LOC_STRINGS = YES;
				SWIFT_VERSION = 5.0;
				TARGETED_DEVICE_FAMILY = 1;
			};
			name = Debug;
		};
		FF3CF6302A4D836B005489F0 /* Release */ = {
			isa = XCBuildConfiguration;
			baseConfigurationReference = 4A5918A7B4FF4498671454C8 /* Pods-BananaChat.release.xcconfig */;
			buildSettings = {
				ASSETCATALOG_COMPILER_APPICON_NAME = AppIcon;
				ASSETCATALOG_COMPILER_GLOBAL_ACCENT_COLOR_NAME = AccentColor;
				CODE_SIGN_STYLE = Automatic;
				CURRENT_PROJECT_VERSION = 1;
				DEVELOPMENT_TEAM = KTNM35TF3W;
				GENERATE_INFOPLIST_FILE = YES;
				INFOPLIST_FILE = BananaChat/Info.plist;
				INFOPLIST_KEY_UIApplicationSupportsIndirectInputEvents = YES;
				INFOPLIST_KEY_UILaunchStoryboardName = LaunchScreen;
				INFOPLIST_KEY_UISupportedInterfaceOrientations = UIInterfaceOrientationPortrait;
				IPHONEOS_DEPLOYMENT_TARGET = 14.0;
				LD_RUNPATH_SEARCH_PATHS = (
					"$(inherited)",
					"@executable_path/Frameworks",
				);
				MARKETING_VERSION = 1.0;
				PRODUCT_BUNDLE_IDENTIFIER = com.github.notsoundbanana.BananaChat;
				PRODUCT_NAME = "$(TARGET_NAME)";
				SUPPORTED_PLATFORMS = "iphoneos iphonesimulator";
				SUPPORTS_MACCATALYST = NO;
				SUPPORTS_MAC_DESIGNED_FOR_IPHONE_IPAD = NO;
				SWIFT_EMIT_LOC_STRINGS = YES;
				SWIFT_VERSION = 5.0;
				TARGETED_DEVICE_FAMILY = 1;
			};
			name = Release;
		};
/* End XCBuildConfiguration section */

/* Begin XCConfigurationList section */
		FF3CF6152A4D836A005489F0 /* Build configuration list for PBXProject "BananaChat" */ = {
			isa = XCConfigurationList;
			buildConfigurations = (
				FF3CF62C2A4D836B005489F0 /* Debug */,
				FF3CF62D2A4D836B005489F0 /* Release */,
			);
			defaultConfigurationIsVisible = 0;
			defaultConfigurationName = Release;
		};
		FF3CF62E2A4D836B005489F0 /* Build configuration list for PBXNativeTarget "BananaChat" */ = {
			isa = XCConfigurationList;
			buildConfigurations = (
				FF3CF62F2A4D836B005489F0 /* Debug */,
				FF3CF6302A4D836B005489F0 /* Release */,
			);
			defaultConfigurationIsVisible = 0;
			defaultConfigurationName = Release;
		};
/* End XCConfigurationList section */
	};
	rootObject = FF3CF6122A4D836A005489F0 /* Project object */;
}
